Microsoft Visual Studio Solution File, Format Version 12.00
# Visual Studio Version 17
VisualStudioVersion = 17.5.2.0
MinimumVisualStudioVersion = 10.0.40219.1
Project("{2150E333-8FDC-42A3-9474-1A3956D46DE8}") = "apps", "apps", "{1787FE1D-075E-9E68-7218-25F1BD1BBEAB}"
EndProject
Project("{2150E333-8FDC-42A3-9474-1A3956D46DE8}") = "desktop", "desktop", "{BEEBFA7C-7F97-CB0F-CEE6-EE38567484E9}"
EndProject
Project("{FAE04EC0-301F-11D3-BF4B-00C04F79EFBC}") = "Vic3Unofficial.Twitch.Desktop", "apps\desktop\src\Vic3Unofficial.Twitch.Desktop.csproj", "{FD93A801-FF5A-07B0-8074-25E473598690}"
EndProject
Global
	GlobalSection(SolutionConfigurationPlatforms) = preSolution
		Debug|Any CPU = Debug|Any CPU
		Release|Any CPU = Release|Any CPU
	EndGlobalSection
	GlobalSection(ProjectConfigurationPlatforms) = postSolution
		{FD93A801-FF5A-07B0-8074-25E473598690}.Debug|Any CPU.ActiveCfg = Debug|Any CPU
		{FD93A801-FF5A-07B0-8074-25E473598690}.Debug|Any CPU.Build.0 = Debug|Any CPU
		{FD93A801-FF5A-07B0-8074-25E473598690}.Release|Any CPU.ActiveCfg = Release|Any CPU
		{FD93A801-FF5A-07B0-8074-25E473598690}.Release|Any CPU.Build.0 = Release|Any CPU
	EndGlobalSection
	GlobalSection(SolutionProperties) = preSolution
		HideSolutionNode = FALSE
	EndGlobalSection
	GlobalSection(NestedProjects) = preSolution
		{BEEBFA7C-7F97-CB0F-CEE6-EE38567484E9} = {1787FE1D-075E-9E68-7218-25F1BD1BBEAB}
		{FD93A801-FF5A-07B0-8074-25E473598690} = {BEEBFA7C-7F97-CB0F-CEE6-EE38567484E9}
	EndGlobalSection
	GlobalSection(ExtensibilityGlobals) = postSolution
		SolutionGuid = {89C9388C-6481-43AB-A9B6-C1AC70F55F15}
	EndGlobalSection
EndGlobal
