
Microsoft Visual Studio Solution File, Format Version 12.00
# Visual Studio Version 17
VisualStudioVersion = 17.5.2.0
MinimumVisualStudioVersion = 10.0.40219.1
Project("{2150E333-8FDC-42A3-9474-1A3956D46DE8}") = "apps", "apps", "{1787FE1D-075E-9E68-7218-25F1BD1BBEAB}"
EndProject
Project("{2150E333-8FDC-42A3-9474-1A3956D46DE8}") = "desktop", "desktop", "{BEEBFA7C-7F97-CB0F-CEE6-EE38567484E9}"
EndProject
Project("{2150E333-8FDC-42A3-9474-1A3956D46DE8}") = "tests", "tests", "{81235DB6-8C84-8267-BD45-3EF13B0E8B9E}"
EndProject
Project("{FAE04EC0-301F-11D3-BF4B-00C04F79EFBC}") = "Vic3Unofficial.Twitch.Desktop.Parsing.Tests", "apps\desktop\tests\Vic3Unofficial.Twitch.Desktop.Parsing.Tests.csproj", "{CA09E672-7CD6-4FF0-B236-CC679E3DC291}"
EndProject
Project("{2150E333-8FDC-42A3-9474-1A3956D46DE8}") = "src", "src", "{161ECE3E-CD37-2A39-7C3F-EFB48B46C7F1}"
EndProject
Project("{FAE04EC0-301F-11D3-BF4B-00C04F79EFBC}") = "Vic3Unofficial.Twitch.Desktop.Parsing", "apps\desktop\src\Vic3Unofficial.Twitch.Desktop.Parsing\Vic3Unofficial.Twitch.Desktop.Parsing.csproj", "{B3497DF5-FC16-44B9-B38C-24E0AC4AEF60}"
EndProject
Project("{FAE04EC0-301F-11D3-BF4B-00C04F79EFBC}") = "Vic3Unofficial.Twitch.Desktop", "apps\desktop\src\Vic3Unofficial.Twitch.Desktop\Vic3Unofficial.Twitch.Desktop.csproj", "{3BD54EEF-9C87-4648-8BB5-29D2696393DB}"
EndProject
Global
	GlobalSection(SolutionConfigurationPlatforms) = preSolution
		Debug|Any CPU = Debug|Any CPU
		Debug|x64 = Debug|x64
		Debug|x86 = Debug|x86
		Release|Any CPU = Release|Any CPU
		Release|x64 = Release|x64
		Release|x86 = Release|x86
	EndGlobalSection
	GlobalSection(ProjectConfigurationPlatforms) = postSolution
		{CA09E672-7CD6-4FF0-B236-CC679E3DC291}.Debug|Any CPU.ActiveCfg = Debug|Any CPU
		{CA09E672-7CD6-4FF0-B236-CC679E3DC291}.Debug|Any CPU.Build.0 = Debug|Any CPU
		{CA09E672-7CD6-4FF0-B236-CC679E3DC291}.Debug|x64.ActiveCfg = Debug|Any CPU
		{CA09E672-7CD6-4FF0-B236-CC679E3DC291}.Debug|x64.Build.0 = Debug|Any CPU
		{CA09E672-7CD6-4FF0-B236-CC679E3DC291}.Debug|x86.ActiveCfg = Debug|Any CPU
		{CA09E672-7CD6-4FF0-B236-CC679E3DC291}.Debug|x86.Build.0 = Debug|Any CPU
		{CA09E672-7CD6-4FF0-B236-CC679E3DC291}.Release|Any CPU.ActiveCfg = Release|Any CPU
		{CA09E672-7CD6-4FF0-B236-CC679E3DC291}.Release|Any CPU.Build.0 = Release|Any CPU
		{CA09E672-7CD6-4FF0-B236-CC679E3DC291}.Release|x64.ActiveCfg = Release|Any CPU
		{CA09E672-7CD6-4FF0-B236-CC679E3DC291}.Release|x64.Build.0 = Release|Any CPU
		{CA09E672-7CD6-4FF0-B236-CC679E3DC291}.Release|x86.ActiveCfg = Release|Any CPU
		{CA09E672-7CD6-4FF0-B236-CC679E3DC291}.Release|x86.Build.0 = Release|Any CPU
		{B3497DF5-FC16-44B9-B38C-24E0AC4AEF60}.Debug|Any CPU.ActiveCfg = Debug|Any CPU
		{B3497DF5-FC16-44B9-B38C-24E0AC4AEF60}.Debug|Any CPU.Build.0 = Debug|Any CPU
		{B3497DF5-FC16-44B9-B38C-24E0AC4AEF60}.Debug|x64.ActiveCfg = Debug|Any CPU
		{B3497DF5-FC16-44B9-B38C-24E0AC4AEF60}.Debug|x64.Build.0 = Debug|Any CPU
		{B3497DF5-FC16-44B9-B38C-24E0AC4AEF60}.Debug|x86.ActiveCfg = Debug|Any CPU
		{B3497DF5-FC16-44B9-B38C-24E0AC4AEF60}.Debug|x86.Build.0 = Debug|Any CPU
		{B3497DF5-FC16-44B9-B38C-24E0AC4AEF60}.Release|Any CPU.ActiveCfg = Release|Any CPU
		{B3497DF5-FC16-44B9-B38C-24E0AC4AEF60}.Release|Any CPU.Build.0 = Release|Any CPU
		{B3497DF5-FC16-44B9-B38C-24E0AC4AEF60}.Release|x64.ActiveCfg = Release|Any CPU
		{B3497DF5-FC16-44B9-B38C-24E0AC4AEF60}.Release|x64.Build.0 = Release|Any CPU
		{B3497DF5-FC16-44B9-B38C-24E0AC4AEF60}.Release|x86.ActiveCfg = Release|Any CPU
		{B3497DF5-FC16-44B9-B38C-24E0AC4AEF60}.Release|x86.Build.0 = Release|Any CPU
		{3BD54EEF-9C87-4648-8BB5-29D2696393DB}.Debug|Any CPU.ActiveCfg = Debug|Any CPU
		{3BD54EEF-9C87-4648-8BB5-29D2696393DB}.Debug|Any CPU.Build.0 = Debug|Any CPU
		{3BD54EEF-9C87-4648-8BB5-29D2696393DB}.Debug|x64.ActiveCfg = Debug|Any CPU
		{3BD54EEF-9C87-4648-8BB5-29D2696393DB}.Debug|x64.Build.0 = Debug|Any CPU
		{3BD54EEF-9C87-4648-8BB5-29D2696393DB}.Debug|x86.ActiveCfg = Debug|Any CPU
		{3BD54EEF-9C87-4648-8BB5-29D2696393DB}.Debug|x86.Build.0 = Debug|Any CPU
		{3BD54EEF-9C87-4648-8BB5-29D2696393DB}.Release|Any CPU.ActiveCfg = Release|Any CPU
		{3BD54EEF-9C87-4648-8BB5-29D2696393DB}.Release|Any CPU.Build.0 = Release|Any CPU
		{3BD54EEF-9C87-4648-8BB5-29D2696393DB}.Release|x64.ActiveCfg = Release|Any CPU
		{3BD54EEF-9C87-4648-8BB5-29D2696393DB}.Release|x64.Build.0 = Release|Any CPU
		{3BD54EEF-9C87-4648-8BB5-29D2696393DB}.Release|x86.ActiveCfg = Release|Any CPU
		{3BD54EEF-9C87-4648-8BB5-29D2696393DB}.Release|x86.Build.0 = Release|Any CPU
	EndGlobalSection
	GlobalSection(SolutionProperties) = preSolution
		HideSolutionNode = FALSE
	EndGlobalSection
	GlobalSection(NestedProjects) = preSolution
		{BEEBFA7C-7F97-CB0F-CEE6-EE38567484E9} = {1787FE1D-075E-9E68-7218-25F1BD1BBEAB}
		{81235DB6-8C84-8267-BD45-3EF13B0E8B9E} = {BEEBFA7C-7F97-CB0F-CEE6-EE38567484E9}
		{CA09E672-7CD6-4FF0-B236-CC679E3DC291} = {81235DB6-8C84-8267-BD45-3EF13B0E8B9E}
		{161ECE3E-CD37-2A39-7C3F-EFB48B46C7F1} = {BEEBFA7C-7F97-CB0F-CEE6-EE38567484E9}
		{B3497DF5-FC16-44B9-B38C-24E0AC4AEF60} = {161ECE3E-CD37-2A39-7C3F-EFB48B46C7F1}
		{3BD54EEF-9C87-4648-8BB5-29D2696393DB} = {161ECE3E-CD37-2A39-7C3F-EFB48B46C7F1}
	EndGlobalSection
	GlobalSection(ExtensibilityGlobals) = postSolution
		SolutionGuid = {08E49698-5D53-4349-A819-9C675C1934EA}
	EndGlobalSection
EndGlobal
